
Microsoft Visual Studio Solution File, Format Version 12.00
# Visual Studio Version 17
VisualStudioVersion = 17.3.32804.467
MinimumVisualStudioVersion = 10.0.40219.1
Project("{FAE04EC0-301F-11D3-BF4B-00C04F79EFBC}") = "OpenCleaner", "OpenCleaner\OpenCleaner.csproj", "{C44F0405-72FD-4C5F-9153-627A213FA794}"
EndProject
Global
	GlobalSection(SolutionConfigurationPlatforms) = preSolution
		Debug|Any CPU = Debug|Any CPU
		Release|Any CPU = Release|Any CPU
	EndGlobalSection
	GlobalSection(ProjectConfigurationPlatforms) = postSolution
		{C44F0405-72FD-4C5F-9153-627A213FA794}.Debug|Any CPU.ActiveCfg = Debug|Any CPU
		{C44F0405-72FD-4C5F-9153-627A213FA794}.Debug|Any CPU.Build.0 = Debug|Any CPU
		{C44F0405-72FD-4C5F-9153-627A213FA794}.Release|Any CPU.ActiveCfg = Release|Any CPU
		{C44F0405-72FD-4C5F-9153-627A213FA794}.Release|Any CPU.Build.0 = Release|Any CPU
	EndGlobalSection
	GlobalSection(SolutionProperties) = preSolution
		HideSolutionNode = FALSE
	EndGlobalSection
	GlobalSection(ExtensibilityGlobals) = postSolution
		SolutionGuid = {49582163-3ABD-4C1C-9B29-2B6C921B4BA2}
	EndGlobalSection
EndGlobal
